
Microsoft Visual Studio Solution File, Format Version 12.00
# Visual Studio Version 17
VisualStudioVersion = 17.10.35027.167
MinimumVisualStudioVersion = 10.0.40219.1
Project("{2150E333-8FDC-42A3-9474-1A3956D46DE8}") = "API", "API", "{D7846C03-0616-4EBA-9D14-69C86506D931}"
EndProject
Project("{2150E333-8FDC-42A3-9474-1A3956D46DE8}") = "Infrastructure", "Infrastructure", "{C03E368A-B4EF-48E1-9B49-7945E6C5A72D}"
EndProject
Project("{2150E333-8FDC-42A3-9474-1A3956D46DE8}") = "Core", "Core", "{9AADA373-4687-4CD4-BA64-73B9F32B5F5C}"
EndProject
Project("{9A19103F-16F7-4668-BE54-9A1E7A4F7556}") = "DesafioIngaCodeApi", "DesafioIngaCodeApi\DesafioIngaCodeApi.csproj", "{126D50B7-C662-4454-B80F-FD9B5B8A486C}"
EndProject
Project("{FAE04EC0-301F-11D3-BF4B-00C04F79EFBC}") = "Persistence", "Persistence\Persistence.csproj", "{3330AF3F-49F3-4B42-9755-354938856A2E}"
EndProject
Project("{FAE04EC0-301F-11D3-BF4B-00C04F79EFBC}") = "Application", "Application\Application.csproj", "{901EED2E-CACC-468B-91CC-B024159BD160}"
EndProject
Project("{FAE04EC0-301F-11D3-BF4B-00C04F79EFBC}") = "Domain", "Domain\Domain.csproj", "{32956218-6C7D-4636-BA7E-60B006396874}"
EndProject
Project("{FAE04EC0-301F-11D3-BF4B-00C04F79EFBC}") = "Shared", "Shared\Shared.csproj", "{D770507F-EDC2-4456-A521-1AD50CA219BA}"
EndProject
Global
	GlobalSection(SolutionConfigurationPlatforms) = preSolution
		Debug|Any CPU = Debug|Any CPU
		Release|Any CPU = Release|Any CPU
	EndGlobalSection
	GlobalSection(ProjectConfigurationPlatforms) = postSolution
		{126D50B7-C662-4454-B80F-FD9B5B8A486C}.Debug|Any CPU.ActiveCfg = Debug|Any CPU
		{126D50B7-C662-4454-B80F-FD9B5B8A486C}.Debug|Any CPU.Build.0 = Debug|Any CPU
		{126D50B7-C662-4454-B80F-FD9B5B8A486C}.Release|Any CPU.ActiveCfg = Release|Any CPU
		{126D50B7-C662-4454-B80F-FD9B5B8A486C}.Release|Any CPU.Build.0 = Release|Any CPU
		{3330AF3F-49F3-4B42-9755-354938856A2E}.Debug|Any CPU.ActiveCfg = Debug|Any CPU
		{3330AF3F-49F3-4B42-9755-354938856A2E}.Debug|Any CPU.Build.0 = Debug|Any CPU
		{3330AF3F-49F3-4B42-9755-354938856A2E}.Release|Any CPU.ActiveCfg = Release|Any CPU
		{3330AF3F-49F3-4B42-9755-354938856A2E}.Release|Any CPU.Build.0 = Release|Any CPU
		{901EED2E-CACC-468B-91CC-B024159BD160}.Debug|Any CPU.ActiveCfg = Debug|Any CPU
		{901EED2E-CACC-468B-91CC-B024159BD160}.Debug|Any CPU.Build.0 = Debug|Any CPU
		{901EED2E-CACC-468B-91CC-B024159BD160}.Release|Any CPU.ActiveCfg = Release|Any CPU
		{901EED2E-CACC-468B-91CC-B024159BD160}.Release|Any CPU.Build.0 = Release|Any CPU
		{32956218-6C7D-4636-BA7E-60B006396874}.Debug|Any CPU.ActiveCfg = Debug|Any CPU
		{32956218-6C7D-4636-BA7E-60B006396874}.Debug|Any CPU.Build.0 = Debug|Any CPU
		{32956218-6C7D-4636-BA7E-60B006396874}.Release|Any CPU.ActiveCfg = Release|Any CPU
		{32956218-6C7D-4636-BA7E-60B006396874}.Release|Any CPU.Build.0 = Release|Any CPU
		{D770507F-EDC2-4456-A521-1AD50CA219BA}.Debug|Any CPU.ActiveCfg = Debug|Any CPU
		{D770507F-EDC2-4456-A521-1AD50CA219BA}.Debug|Any CPU.Build.0 = Debug|Any CPU
		{D770507F-EDC2-4456-A521-1AD50CA219BA}.Release|Any CPU.ActiveCfg = Release|Any CPU
		{D770507F-EDC2-4456-A521-1AD50CA219BA}.Release|Any CPU.Build.0 = Release|Any CPU
	EndGlobalSection
	GlobalSection(SolutionProperties) = preSolution
		HideSolutionNode = FALSE
	EndGlobalSection
	GlobalSection(NestedProjects) = preSolution
		{126D50B7-C662-4454-B80F-FD9B5B8A486C} = {D7846C03-0616-4EBA-9D14-69C86506D931}
		{3330AF3F-49F3-4B42-9755-354938856A2E} = {C03E368A-B4EF-48E1-9B49-7945E6C5A72D}
		{901EED2E-CACC-468B-91CC-B024159BD160} = {9AADA373-4687-4CD4-BA64-73B9F32B5F5C}
		{32956218-6C7D-4636-BA7E-60B006396874} = {9AADA373-4687-4CD4-BA64-73B9F32B5F5C}
		{D770507F-EDC2-4456-A521-1AD50CA219BA} = {C03E368A-B4EF-48E1-9B49-7945E6C5A72D}
	EndGlobalSection
	GlobalSection(ExtensibilityGlobals) = postSolution
		SolutionGuid = {0298ABA7-DB17-4831-847A-A2DD5054EE36}
	EndGlobalSection
EndGlobal
